
Microsoft Visual Studio Solution File, Format Version 12.00
# Visual Studio Version 17
VisualStudioVersion = 17.9.34902.65
MinimumVisualStudioVersion = 10.0.40219.1
Project("{FAE04EC0-301F-11D3-BF4B-00C04F79EFBC}") = "Supermercado", "Supermercado\Supermercado.csproj", "{ADCFE729-E328-4D00-8C9A-AB1C1E3E61D2}"
EndProject
Global
	GlobalSection(SolutionConfigurationPlatforms) = preSolution
		Debug|Any CPU = Debug|Any CPU
		Release|Any CPU = Release|Any CPU
	EndGlobalSection
	GlobalSection(ProjectConfigurationPlatforms) = postSolution
		{ADCFE729-E328-4D00-8C9A-AB1C1E3E61D2}.Debug|Any CPU.ActiveCfg = Debug|Any CPU
		{ADCFE729-E328-4D00-8C9A-AB1C1E3E61D2}.Debug|Any CPU.Build.0 = Debug|Any CPU
		{ADCFE729-E328-4D00-8C9A-AB1C1E3E61D2}.Release|Any CPU.ActiveCfg = Release|Any CPU
		{ADCFE729-E328-4D00-8C9A-AB1C1E3E61D2}.Release|Any CPU.Build.0 = Release|Any CPU
	EndGlobalSection
	GlobalSection(SolutionProperties) = preSolution
		HideSolutionNode = FALSE
	EndGlobalSection
	GlobalSection(ExtensibilityGlobals) = postSolution
		SolutionGuid = {C6116773-D9D0-407F-BC9D-E4D37930A778}
	EndGlobalSection
EndGlobal
